
Microsoft Visual Studio Solution File, Format Version 12.00
# Visual Studio Version 17
VisualStudioVersion = 17.0.31903.59
MinimumVisualStudioVersion = 10.0.40219.1
Project("{2150E333-8FDC-42A3-9474-1A3956D46DE8}") = "src", "src", "{63ABD5F8-B783-45B5-9E18-428FBD92F159}"
EndProject
Project("{FAE04EC0-301F-11D3-BF4B-00C04F79EFBC}") = "app", "src\app\app.csproj", "{68C30683-0A27-4A7E-8DFD-C734AA45B18E}"
EndProject
Global
	GlobalSection(SolutionConfigurationPlatforms) = preSolution
		Debug|Any CPU = Debug|Any CPU
		Release|Any CPU = Release|Any CPU
	EndGlobalSection
	GlobalSection(SolutionProperties) = preSolution
		HideSolutionNode = FALSE
	EndGlobalSection
	GlobalSection(ProjectConfigurationPlatforms) = postSolution
		{68C30683-0A27-4A7E-8DFD-C734AA45B18E}.Debug|Any CPU.ActiveCfg = Debug|Any CPU
		{68C30683-0A27-4A7E-8DFD-C734AA45B18E}.Debug|Any CPU.Build.0 = Debug|Any CPU
		{68C30683-0A27-4A7E-8DFD-C734AA45B18E}.Release|Any CPU.ActiveCfg = Release|Any CPU
		{68C30683-0A27-4A7E-8DFD-C734AA45B18E}.Release|Any CPU.Build.0 = Release|Any CPU
	EndGlobalSection
	GlobalSection(NestedProjects) = preSolution
		{68C30683-0A27-4A7E-8DFD-C734AA45B18E} = {63ABD5F8-B783-45B5-9E18-428FBD92F159}
	EndGlobalSection
EndGlobal
